{
  "version": 4,
  "terraform_version": "1.11.0",
  "serial": 3,
  "lineage": "16fce7ff-1d2e-009b-40c0-1fbf77824ada",
  "outputs": {},
  "resources": [
    {
      "module": "module.mlops_data_bucket_dev",
      "mode": "managed",
      "type": "google_storage_bucket",
      "name": "bucket",
      "provider": "provider[\"registry.terraform.io/hashicorp/google\"]",
      "instances": [
        {
          "schema_version": 2,
          "attributes": {
            "autoclass": [],
            "cors": [],
            "custom_placement_config": [],
            "default_event_based_hold": false,
            "effective_labels": {
              "environment": "dev",
              "purpose": "mlops-data"
            },
            "enable_object_retention": false,
            "encryption": [],
            "force_destroy": false,
            "id": "mlops-459809-dev-data-mlops",
            "labels": {
              "environment": "dev",
              "purpose": "mlops-data"
            },
            "lifecycle_rule": [],
            "location": "EUROPE-WEST2",
            "logging": [],
            "name": "mlops-459809-dev-data-mlops",
            "project": "mlops-459809",
            "project_number": 434846145915,
            "public_access_prevention": "inherited",
            "requester_pays": false,
            "retention_policy": [],
            "rpo": null,
            "self_link": "https://www.googleapis.com/storage/v1/b/mlops-459809-dev-data-mlops",
            "soft_delete_policy": [
              {
                "effective_time": "2025-05-14T14:27:33.326Z",
                "retention_duration_seconds": 604800
              }
            ],
            "storage_class": "STANDARD",
            "terraform_labels": {
              "environment": "dev",
              "purpose": "mlops-data"
            },
            "timeouts": null,
            "uniform_bucket_level_access": true,
            "url": "gs://mlops-459809-dev-data-mlops",
            "versioning": [
              {
                "enabled": true
              }
            ],
            "website": []
          },
          "sensitive_attributes": [],
          "private": "eyJlMmJmYjczMC1lY2FhLTExZTYtOGY4OC0zNDM2M2JjN2M0YzAiOnsiY3JlYXRlIjo2MDAwMDAwMDAwMDAsInJlYWQiOjI0MDAwMDAwMDAwMCwidXBkYXRlIjoyNDAwMDAwMDAwMDB9LCJzY2hlbWFfdmVyc2lvbiI6IjIifQ=="
        }
      ]
    }
  ],
  "check_results": null
}
